// !$*UTF8*$!
{
	archiveVersion = 1;
	classes = {
	};
	objectVersion = 56;
	objects = {

/* Begin PBXBuildFile section */
		CCC903D329B25F110090E4F3 /* AppDelegate.swift in Sources */ = {isa = PBXBuildFile; fileRef = CCC903D229B25F110090E4F3 /* AppDelegate.swift */; };
		CCC903D529B25F110090E4F3 /* SceneDelegate.swift in Sources */ = {isa = PBXBuildFile; fileRef = CCC903D429B25F110090E4F3 /* SceneDelegate.swift */; };
		CCC903D729B25F110090E4F3 /* ViewController.swift in Sources */ = {isa = PBXBuildFile; fileRef = CCC903D629B25F110090E4F3 /* ViewController.swift */; };
		CCC903DA29B25F110090E4F3 /* Main.storyboard in Resources */ = {isa = PBXBuildFile; fileRef = CCC903D829B25F110090E4F3 /* Main.storyboard */; };
		CCC903DD29B25F110090E4F3 /* MVVM_C_iOS.xcdatamodeld in Sources */ = {isa = PBXBuildFile; fileRef = CCC903DB29B25F110090E4F3 /* MVVM_C_iOS.xcdatamodeld */; };
		CCC903DF29B25F120090E4F3 /* Assets.xcassets in Resources */ = {isa = PBXBuildFile; fileRef = CCC903DE29B25F120090E4F3 /* Assets.xcassets */; };
		CCC903E229B25F120090E4F3 /* LaunchScreen.storyboard in Resources */ = {isa = PBXBuildFile; fileRef = CCC903E029B25F120090E4F3 /* LaunchScreen.storyboard */; };
		CCC903F129B25FBB0090E4F3 /* DataManager.swift in Sources */ = {isa = PBXBuildFile; fileRef = CCC903F029B25FBB0090E4F3 /* DataManager.swift */; };
		CCC903F329B25FFC0090E4F3 /* UserInfoViewController.swift in Sources */ = {isa = PBXBuildFile; fileRef = CCC903F229B25FFC0090E4F3 /* UserInfoViewController.swift */; };
		CCC903F529B2602A0090E4F3 /* InfoViewModel.swift in Sources */ = {isa = PBXBuildFile; fileRef = CCC903F429B2602A0090E4F3 /* InfoViewModel.swift */; };
		CCC903F729B260490090E4F3 /* UserInfoModel.swift in Sources */ = {isa = PBXBuildFile; fileRef = CCC903F629B260490090E4F3 /* UserInfoModel.swift */; };
		CCC903F929B260700090E4F3 /* UserInfoTableViewCell.swift in Sources */ = {isa = PBXBuildFile; fileRef = CCC903F829B260700090E4F3 /* UserInfoTableViewCell.swift */; };
		CCC903FC29B2609E0090E4F3 /* FavoriteViewController.swift in Sources */ = {isa = PBXBuildFile; fileRef = CCC903FB29B2609E0090E4F3 /* FavoriteViewController.swift */; };
		CCC903FE29B260BC0090E4F3 /* FavoriteViewModel.swift in Sources */ = {isa = PBXBuildFile; fileRef = CCC903FD29B260BC0090E4F3 /* FavoriteViewModel.swift */; };
		CCC9040029B2616A0090E4F3 /* FavoriteTableViewCell.swift in Sources */ = {isa = PBXBuildFile; fileRef = CCC903FF29B2616A0090E4F3 /* FavoriteTableViewCell.swift */; };
		CCC9040229B261980090E4F3 /* UserInfoViewModel.swift in Sources */ = {isa = PBXBuildFile; fileRef = CCC9040129B261980090E4F3 /* UserInfoViewModel.swift */; };
		CCC9040429B261C40090E4F3 /* UserModel.swift in Sources */ = {isa = PBXBuildFile; fileRef = CCC9040329B261C40090E4F3 /* UserModel.swift */; };
		DAEBE025C5AE787DAECE8300 /* Pods_MVVM_C_iOS.framework in Frameworks */ = {isa = PBXBuildFile; fileRef = 1A9758DC1AD7199774A75BC6 /* Pods_MVVM_C_iOS.framework */; };
/* End PBXBuildFile section */

/* Begin PBXFileReference section */
		1A9758DC1AD7199774A75BC6 /* Pods_MVVM_C_iOS.framework */ = {isa = PBXFileReference; explicitFileType = wrapper.framework; includeInIndex = 0; path = Pods_MVVM_C_iOS.framework; sourceTree = BUILT_PRODUCTS_DIR; };
		C0A4A187E5E6A71BACE63C66 /* Pods-MVVM-C_iOS.debug.xcconfig */ = {isa = PBXFileReference; includeInIndex = 1; lastKnownFileType = text.xcconfig; name = "Pods-MVVM-C_iOS.debug.xcconfig"; path = "Target Support Files/Pods-MVVM-C_iOS/Pods-MVVM-C_iOS.debug.xcconfig"; sourceTree = "<group>"; };
		CCC903CF29B25F110090E4F3 /* MVVM-C_iOS.app */ = {isa = PBXFileReference; explicitFileType = wrapper.application; includeInIndex = 0; path = "MVVM-C_iOS.app"; sourceTree = BUILT_PRODUCTS_DIR; };
		CCC903D229B25F110090E4F3 /* AppDelegate.swift */ = {isa = PBXFileReference; lastKnownFileType = sourcecode.swift; path = AppDelegate.swift; sourceTree = "<group>"; };
		CCC903D429B25F110090E4F3 /* SceneDelegate.swift */ = {isa = PBXFileReference; lastKnownFileType = sourcecode.swift; path = SceneDelegate.swift; sourceTree = "<group>"; };
		CCC903D629B25F110090E4F3 /* ViewController.swift */ = {isa = PBXFileReference; lastKnownFileType = sourcecode.swift; path = ViewController.swift; sourceTree = "<group>"; };
		CCC903D929B25F110090E4F3 /* Base */ = {isa = PBXFileReference; lastKnownFileType = file.storyboard; name = Base; path = Base.lproj/Main.storyboard; sourceTree = "<group>"; };
		CCC903DC29B25F110090E4F3 /* MVVM_C_iOS.xcdatamodel */ = {isa = PBXFileReference; lastKnownFileType = wrapper.xcdatamodel; path = MVVM_C_iOS.xcdatamodel; sourceTree = "<group>"; };
		CCC903DE29B25F120090E4F3 /* Assets.xcassets */ = {isa = PBXFileReference; lastKnownFileType = folder.assetcatalog; path = Assets.xcassets; sourceTree = "<group>"; };
		CCC903E129B25F120090E4F3 /* Base */ = {isa = PBXFileReference; lastKnownFileType = file.storyboard; name = Base; path = Base.lproj/LaunchScreen.storyboard; sourceTree = "<group>"; };
		CCC903E329B25F120090E4F3 /* Info.plist */ = {isa = PBXFileReference; lastKnownFileType = text.plist.xml; path = Info.plist; sourceTree = "<group>"; };
		CCC903F029B25FBB0090E4F3 /* DataManager.swift */ = {isa = PBXFileReference; lastKnownFileType = sourcecode.swift; path = DataManager.swift; sourceTree = "<group>"; };
		CCC903F229B25FFC0090E4F3 /* UserInfoViewController.swift */ = {isa = PBXFileReference; lastKnownFileType = sourcecode.swift; path = UserInfoViewController.swift; sourceTree = "<group>"; };
		CCC903F429B2602A0090E4F3 /* InfoViewModel.swift */ = {isa = PBXFileReference; lastKnownFileType = sourcecode.swift; path = InfoViewModel.swift; sourceTree = "<group>"; };
		CCC903F629B260490090E4F3 /* UserInfoModel.swift */ = {isa = PBXFileReference; lastKnownFileType = sourcecode.swift; path = UserInfoModel.swift; sourceTree = "<group>"; };
		CCC903F829B260700090E4F3 /* UserInfoTableViewCell.swift */ = {isa = PBXFileReference; lastKnownFileType = sourcecode.swift; path = UserInfoTableViewCell.swift; sourceTree = "<group>"; };
		CCC903FB29B2609E0090E4F3 /* FavoriteViewController.swift */ = {isa = PBXFileReference; lastKnownFileType = sourcecode.swift; path = FavoriteViewController.swift; sourceTree = "<group>"; };
		CCC903FD29B260BC0090E4F3 /* FavoriteViewModel.swift */ = {isa = PBXFileReference; lastKnownFileType = sourcecode.swift; path = FavoriteViewModel.swift; sourceTree = "<group>"; };
		CCC903FF29B2616A0090E4F3 /* FavoriteTableViewCell.swift */ = {isa = PBXFileReference; lastKnownFileType = sourcecode.swift; path = FavoriteTableViewCell.swift; sourceTree = "<group>"; };
		CCC9040129B261980090E4F3 /* UserInfoViewModel.swift */ = {isa = PBXFileReference; lastKnownFileType = sourcecode.swift; path = UserInfoViewModel.swift; sourceTree = "<group>"; };
		CCC9040329B261C40090E4F3 /* UserModel.swift */ = {isa = PBXFileReference; lastKnownFileType = sourcecode.swift; path = UserModel.swift; sourceTree = "<group>"; };
		D5360F59353E16B5833393D4 /* Pods-MVVM-C_iOS.release.xcconfig */ = {isa = PBXFileReference; includeInIndex = 1; lastKnownFileType = text.xcconfig; name = "Pods-MVVM-C_iOS.release.xcconfig"; path = "Target Support Files/Pods-MVVM-C_iOS/Pods-MVVM-C_iOS.release.xcconfig"; sourceTree = "<group>"; };
/* End PBXFileReference section */

/* Begin PBXFrameworksBuildPhase section */
		CCC903CC29B25F110090E4F3 /* Frameworks */ = {
			isa = PBXFrameworksBuildPhase;
			buildActionMask = 2147483647;
			files = (
				DAEBE025C5AE787DAECE8300 /* Pods_MVVM_C_iOS.framework in Frameworks */,
			);
			runOnlyForDeploymentPostprocessing = 0;
		};
/* End PBXFrameworksBuildPhase section */

/* Begin PBXGroup section */
		5715705DCCE7CD8B377DB02F /* Pods */ = {
			isa = PBXGroup;
			children = (
				C0A4A187E5E6A71BACE63C66 /* Pods-MVVM-C_iOS.debug.xcconfig */,
				D5360F59353E16B5833393D4 /* Pods-MVVM-C_iOS.release.xcconfig */,
			);
			path = Pods;
			sourceTree = "<group>";
		};
		5858928224FC36C925C941D2 /* Frameworks */ = {
			isa = PBXGroup;
			children = (
				1A9758DC1AD7199774A75BC6 /* Pods_MVVM_C_iOS.framework */,
			);
			name = Frameworks;
			sourceTree = "<group>";
		};
		CC8AF1E029B2639F006E08A4 /* Cell */ = {
			isa = PBXGroup;
			children = (
				CCC903FF29B2616A0090E4F3 /* FavoriteTableViewCell.swift */,
				CCC903F829B260700090E4F3 /* UserInfoTableViewCell.swift */,
			);
			path = Cell;
			sourceTree = "<group>";
		};
		CC8AF1E129B263D4006E08A4 /* Cotnrollers */ = {
			isa = PBXGroup;
			children = (
				CCC903D629B25F110090E4F3 /* ViewController.swift */,
				CCC903F229B25FFC0090E4F3 /* UserInfoViewController.swift */,
				CCC903FA29B260860090E4F3 /* Favorite */,
			);
			path = Cotnrollers;
			sourceTree = "<group>";
		};
		CCC903C629B25F110090E4F3 = {
			isa = PBXGroup;
			children = (
				CCC903D129B25F110090E4F3 /* MVVM-C_iOS */,
				CCC903D029B25F110090E4F3 /* Products */,
				5715705DCCE7CD8B377DB02F /* Pods */,
				5858928224FC36C925C941D2 /* Frameworks */,
			);
			sourceTree = "<group>";
		};
		CCC903D029B25F110090E4F3 /* Products */ = {
			isa = PBXGroup;
			children = (
				CCC903CF29B25F110090E4F3 /* MVVM-C_iOS.app */,
			);
			name = Products;
			sourceTree = "<group>";
		};
		CCC903D129B25F110090E4F3 /* MVVM-C_iOS */ = {
			isa = PBXGroup;
			children = (
				CCC903EE29B25F620090E4F3 /* AppDelegate */,
				CCC903ED29B25F560090E4F3 /* DataManager */,
				CCC903EC29B25F450090E4F3 /* Model */,
				CCC903EB29B25F3A0090E4F3 /* View */,
				CCC903EA29B25F2E0090E4F3 /* ViewModel */,
				CCC903E929B25F180090E4F3 /* Coordinator */,
				CCC903DE29B25F120090E4F3 /* Assets.xcassets */,
				CCC903E329B25F120090E4F3 /* Info.plist */,
				CCC903DB29B25F110090E4F3 /* MVVM_C_iOS.xcdatamodeld */,
			);
			path = "MVVM-C_iOS";
			sourceTree = "<group>";
		};
		CCC903E929B25F180090E4F3 /* Coordinator */ = {
			isa = PBXGroup;
			children = (
			);
			path = Coordinator;
			sourceTree = "<group>";
		};
		CCC903EA29B25F2E0090E4F3 /* ViewModel */ = {
			isa = PBXGroup;
			children = (
				CCC9040129B261980090E4F3 /* UserInfoViewModel.swift */,
				CCC903F429B2602A0090E4F3 /* InfoViewModel.swift */,
			);
			path = ViewModel;
			sourceTree = "<group>";
		};
		CCC903EB29B25F3A0090E4F3 /* View */ = {
			isa = PBXGroup;
			children = (
				CC8AF1E129B263D4006E08A4 /* Cotnrollers */,
				CCC903EF29B25F9C0090E4F3 /* StoryBoard */,
				CC8AF1E029B2639F006E08A4 /* Cell */,
			);
			path = View;
			sourceTree = "<group>";
		};
		CCC903EC29B25F450090E4F3 /* Model */ = {
			isa = PBXGroup;
			children = (
				CCC9040329B261C40090E4F3 /* UserModel.swift */,
				CCC903F629B260490090E4F3 /* UserInfoModel.swift */,
			);
			path = Model;
			sourceTree = "<group>";
		};
		CCC903ED29B25F560090E4F3 /* DataManager */ = {
			isa = PBXGroup;
			children = (
				CCC903F029B25FBB0090E4F3 /* DataManager.swift */,
			);
			path = DataManager;
			sourceTree = "<group>";
		};
		CCC903EE29B25F620090E4F3 /* AppDelegate */ = {
			isa = PBXGroup;
			children = (
				CCC903D229B25F110090E4F3 /* AppDelegate.swift */,
				CCC903D429B25F110090E4F3 /* SceneDelegate.swift */,
			);
			path = AppDelegate;
			sourceTree = "<group>";
		};
		CCC903EF29B25F9C0090E4F3 /* StoryBoard */ = {
			isa = PBXGroup;
			children = (
				CCC903D829B25F110090E4F3 /* Main.storyboard */,
				CCC903E029B25F120090E4F3 /* LaunchScreen.storyboard */,
			);
			path = StoryBoard;
			sourceTree = "<group>";
		};
		CCC903FA29B260860090E4F3 /* Favorite */ = {
			isa = PBXGroup;
			children = (
				CCC903FB29B2609E0090E4F3 /* FavoriteViewController.swift */,
				CCC903FD29B260BC0090E4F3 /* FavoriteViewModel.swift */,
			);
			path = Favorite;
			sourceTree = "<group>";
		};
/* End PBXGroup section */

/* Begin PBXNativeTarget section */
		CCC903CE29B25F110090E4F3 /* MVVM-C_iOS */ = {
			isa = PBXNativeTarget;
			buildConfigurationList = CCC903E629B25F120090E4F3 /* Build configuration list for PBXNativeTarget "MVVM-C_iOS" */;
			buildPhases = (
				F3C4FDAE23BCFD35EA686981 /* [CP] Check Pods Manifest.lock */,
				CCC903CB29B25F110090E4F3 /* Sources */,
				CCC903CC29B25F110090E4F3 /* Frameworks */,
				CCC903CD29B25F110090E4F3 /* Resources */,
				84D9EF9B8454C8B7E2CA451D /* [CP] Embed Pods Frameworks */,
			);
			buildRules = (
			);
			dependencies = (
			);
			name = "MVVM-C_iOS";
			productName = "MVVM-C_iOS";
			productReference = CCC903CF29B25F110090E4F3 /* MVVM-C_iOS.app */;
			productType = "com.apple.product-type.application";
		};
/* End PBXNativeTarget section */

/* Begin PBXProject section */
		CCC903C729B25F110090E4F3 /* Project object */ = {
			isa = PBXProject;
			attributes = {
				BuildIndependentTargetsInParallel = 1;
				LastSwiftUpdateCheck = 1420;
				LastUpgradeCheck = 1420;
				TargetAttributes = {
					CCC903CE29B25F110090E4F3 = {
						CreatedOnToolsVersion = 14.2;
					};
				};
			};
			buildConfigurationList = CCC903CA29B25F110090E4F3 /* Build configuration list for PBXProject "MVVM-C_iOS" */;
			compatibilityVersion = "Xcode 14.0";
			developmentRegion = en;
			hasScannedForEncodings = 0;
			knownRegions = (
				en,
				Base,
			);
			mainGroup = CCC903C629B25F110090E4F3;
			productRefGroup = CCC903D029B25F110090E4F3 /* Products */;
			projectDirPath = "";
			projectRoot = "";
			targets = (
				CCC903CE29B25F110090E4F3 /* MVVM-C_iOS */,
			);
		};
/* End PBXProject section */

/* Begin PBXResourcesBuildPhase section */
		CCC903CD29B25F110090E4F3 /* Resources */ = {
			isa = PBXResourcesBuildPhase;
			buildActionMask = 2147483647;
			files = (
				CCC903E229B25F120090E4F3 /* LaunchScreen.storyboard in Resources */,
				CCC903DF29B25F120090E4F3 /* Assets.xcassets in Resources */,
				CCC903DA29B25F110090E4F3 /* Main.storyboard in Resources */,
			);
			runOnlyForDeploymentPostprocessing = 0;
		};
/* End PBXResourcesBuildPhase section */

/* Begin PBXShellScriptBuildPhase section */
		84D9EF9B8454C8B7E2CA451D /* [CP] Embed Pods Frameworks */ = {
			isa = PBXShellScriptBuildPhase;
			buildActionMask = 2147483647;
			files = (
			);
			inputFileListPaths = (
				"${PODS_ROOT}/Target Support Files/Pods-MVVM-C_iOS/Pods-MVVM-C_iOS-frameworks-${CONFIGURATION}-input-files.xcfilelist",
			);
			name = "[CP] Embed Pods Frameworks";
			outputFileListPaths = (
				"${PODS_ROOT}/Target Support Files/Pods-MVVM-C_iOS/Pods-MVVM-C_iOS-frameworks-${CONFIGURATION}-output-files.xcfilelist",
			);
			runOnlyForDeploymentPostprocessing = 0;
			shellPath = /bin/sh;
			shellScript = "\"${PODS_ROOT}/Target Support Files/Pods-MVVM-C_iOS/Pods-MVVM-C_iOS-frameworks.sh\"\n";
			showEnvVarsInLog = 0;
		};
		F3C4FDAE23BCFD35EA686981 /* [CP] Check Pods Manifest.lock */ = {
			isa = PBXShellScriptBuildPhase;
			buildActionMask = 2147483647;
			files = (
			);
			inputFileListPaths = (
			);
			inputPaths = (
				"${PODS_PODFILE_DIR_PATH}/Podfile.lock",
				"${PODS_ROOT}/Manifest.lock",
			);
			name = "[CP] Check Pods Manifest.lock";
			outputFileListPaths = (
			);
			outputPaths = (
				"$(DERIVED_FILE_DIR)/Pods-MVVM-C_iOS-checkManifestLockResult.txt",
			);
			runOnlyForDeploymentPostprocessing = 0;
			shellPath = /bin/sh;
			shellScript = "diff \"${PODS_PODFILE_DIR_PATH}/Podfile.lock\" \"${PODS_ROOT}/Manifest.lock\" > /dev/null\nif [ $? != 0 ] ; then\n    # print error to STDERR\n    echo \"error: The sandbox is not in sync with the Podfile.lock. Run 'pod install' or update your CocoaPods installation.\" >&2\n    exit 1\nfi\n# This output is used by Xcode 'outputs' to avoid re-running this script phase.\necho \"SUCCESS\" > \"${SCRIPT_OUTPUT_FILE_0}\"\n";
			showEnvVarsInLog = 0;
		};
/* End PBXShellScriptBuildPhase section */

/* Begin PBXSourcesBuildPhase section */
		CCC903CB29B25F110090E4F3 /* Sources */ = {
			isa = PBXSourcesBuildPhase;
			buildActionMask = 2147483647;
			files = (
				CCC903D729B25F110090E4F3 /* ViewController.swift in Sources */,
				CCC9040029B2616A0090E4F3 /* FavoriteTableViewCell.swift in Sources */,
				CCC903F329B25FFC0090E4F3 /* UserInfoViewController.swift in Sources */,
				CCC903F729B260490090E4F3 /* UserInfoModel.swift in Sources */,
				CCC903F929B260700090E4F3 /* UserInfoTableViewCell.swift in Sources */,
				CCC903FC29B2609E0090E4F3 /* FavoriteViewController.swift in Sources */,
				CCC9040229B261980090E4F3 /* UserInfoViewModel.swift in Sources */,
				CCC903F129B25FBB0090E4F3 /* DataManager.swift in Sources */,
				CCC9040429B261C40090E4F3 /* UserModel.swift in Sources */,
				CCC903DD29B25F110090E4F3 /* MVVM_C_iOS.xcdatamodeld in Sources */,
				CCC903F529B2602A0090E4F3 /* InfoViewModel.swift in Sources */,
				CCC903D329B25F110090E4F3 /* AppDelegate.swift in Sources */,
				CCC903D529B25F110090E4F3 /* SceneDelegate.swift in Sources */,
				CCC903FE29B260BC0090E4F3 /* FavoriteViewModel.swift in Sources */,
			);
			runOnlyForDeploymentPostprocessing = 0;
		};
/* End PBXSourcesBuildPhase section */

/* Begin PBXVariantGroup section */
		CCC903D829B25F110090E4F3 /* Main.storyboard */ = {
			isa = PBXVariantGroup;
			children = (
				CCC903D929B25F110090E4F3 /* Base */,
			);
			name = Main.storyboard;
			sourceTree = "<group>";
		};
		CCC903E029B25F120090E4F3 /* LaunchScreen.storyboard */ = {
			isa = PBXVariantGroup;
			children = (
				CCC903E129B25F120090E4F3 /* Base */,
			);
			name = LaunchScreen.storyboard;
			sourceTree = "<group>";
		};
/* End PBXVariantGroup section */

/* Begin XCBuildConfiguration section */
		CCC903E429B25F120090E4F3 /* Debug */ = {
			isa = XCBuildConfiguration;
			buildSettings = {
				ALWAYS_SEARCH_USER_PATHS = NO;
				CLANG_ANALYZER_NONNULL = YES;
				CLANG_ANALYZER_NUMBER_OBJECT_CONVERSION = YES_AGGRESSIVE;
				CLANG_CXX_LANGUAGE_STANDARD = "gnu++20";
				CLANG_ENABLE_MODULES = YES;
				CLANG_ENABLE_OBJC_ARC = YES;
				CLANG_ENABLE_OBJC_WEAK = YES;
				CLANG_WARN_BLOCK_CAPTURE_AUTORELEASING = YES;
				CLANG_WARN_BOOL_CONVERSION = YES;
				CLANG_WARN_COMMA = YES;
				CLANG_WARN_CONSTANT_CONVERSION = YES;
				CLANG_WARN_DEPRECATED_OBJC_IMPLEMENTATIONS = YES;
				CLANG_WARN_DIRECT_OBJC_ISA_USAGE = YES_ERROR;
				CLANG_WARN_DOCUMENTATION_COMMENTS = YES;
				CLANG_WARN_EMPTY_BODY = YES;
				CLANG_WARN_ENUM_CONVERSION = YES;
				CLANG_WARN_INFINITE_RECURSION = YES;
				CLANG_WARN_INT_CONVERSION = YES;
				CLANG_WARN_NON_LITERAL_NULL_CONVERSION = YES;
				CLANG_WARN_OBJC_IMPLICIT_RETAIN_SELF = YES;
				CLANG_WARN_OBJC_LITERAL_CONVERSION = YES;
				CLANG_WARN_OBJC_ROOT_CLASS = YES_ERROR;
				CLANG_WARN_QUOTED_INCLUDE_IN_FRAMEWORK_HEADER = YES;
				CLANG_WARN_RANGE_LOOP_ANALYSIS = YES;
				CLANG_WARN_STRICT_PROTOTYPES = YES;
				CLANG_WARN_SUSPICIOUS_MOVE = YES;
				CLANG_WARN_UNGUARDED_AVAILABILITY = YES_AGGRESSIVE;
				CLANG_WARN_UNREACHABLE_CODE = YES;
				CLANG_WARN__DUPLICATE_METHOD_MATCH = YES;
				COPY_PHASE_STRIP = NO;
				DEBUG_INFORMATION_FORMAT = dwarf;
				ENABLE_STRICT_OBJC_MSGSEND = YES;
				ENABLE_TESTABILITY = YES;
				GCC_C_LANGUAGE_STANDARD = gnu11;
				GCC_DYNAMIC_NO_PIC = NO;
				GCC_NO_COMMON_BLOCKS = YES;
				GCC_OPTIMIZATION_LEVEL = 0;
				GCC_PREPROCESSOR_DEFINITIONS = (
					"DEBUG=1",
					"$(inherited)",
				);
				GCC_WARN_64_TO_32_BIT_CONVERSION = YES;
				GCC_WARN_ABOUT_RETURN_TYPE = YES_ERROR;
				GCC_WARN_UNDECLARED_SELECTOR = YES;
				GCC_WARN_UNINITIALIZED_AUTOS = YES_AGGRESSIVE;
				GCC_WARN_UNUSED_FUNCTION = YES;
				GCC_WARN_UNUSED_VARIABLE = YES;
				IPHONEOS_DEPLOYMENT_TARGET = 16.2;
				MTL_ENABLE_DEBUG_INFO = INCLUDE_SOURCE;
				MTL_FAST_MATH = YES;
				ONLY_ACTIVE_ARCH = YES;
				SDKROOT = iphoneos;
				SWIFT_ACTIVE_COMPILATION_CONDITIONS = DEBUG;
				SWIFT_OPTIMIZATION_LEVEL = "-Onone";
			};
			name = Debug;
		};
		CCC903E529B25F120090E4F3 /* Release */ = {
			isa = XCBuildConfiguration;
			buildSettings = {
				ALWAYS_SEARCH_USER_PATHS = NO;
				CLANG_ANALYZER_NONNULL = YES;
				CLANG_ANALYZER_NUMBER_OBJECT_CONVERSION = YES_AGGRESSIVE;
				CLANG_CXX_LANGUAGE_STANDARD = "gnu++20";
				CLANG_ENABLE_MODULES = YES;
				CLANG_ENABLE_OBJC_ARC = YES;
				CLANG_ENABLE_OBJC_WEAK = YES;
				CLANG_WARN_BLOCK_CAPTURE_AUTORELEASING = YES;
				CLANG_WARN_BOOL_CONVERSION = YES;
				CLANG_WARN_COMMA = YES;
				CLANG_WARN_CONSTANT_CONVERSION = YES;
				CLANG_WARN_DEPRECATED_OBJC_IMPLEMENTATIONS = YES;
				CLANG_WARN_DIRECT_OBJC_ISA_USAGE = YES_ERROR;
				CLANG_WARN_DOCUMENTATION_COMMENTS = YES;
				CLANG_WARN_EMPTY_BODY = YES;
				CLANG_WARN_ENUM_CONVERSION = YES;
				CLANG_WARN_INFINITE_RECURSION = YES;
				CLANG_WARN_INT_CONVERSION = YES;
				CLANG_WARN_NON_LITERAL_NULL_CONVERSION = YES;
				CLANG_WARN_OBJC_IMPLICIT_RETAIN_SELF = YES;
				CLANG_WARN_OBJC_LITERAL_CONVERSION = YES;
				CLANG_WARN_OBJC_ROOT_CLASS = YES_ERROR;
				CLANG_WARN_QUOTED_INCLUDE_IN_FRAMEWORK_HEADER = YES;
				CLANG_WARN_RANGE_LOOP_ANALYSIS = YES;
				CLANG_WARN_STRICT_PROTOTYPES = YES;
				CLANG_WARN_SUSPICIOUS_MOVE = YES;
				CLANG_WARN_UNGUARDED_AVAILABILITY = YES_AGGRESSIVE;
				CLANG_WARN_UNREACHABLE_CODE = YES;
				CLANG_WARN__DUPLICATE_METHOD_MATCH = YES;
				COPY_PHASE_STRIP = NO;
				DEBUG_INFORMATION_FORMAT = "dwarf-with-dsym";
				ENABLE_NS_ASSERTIONS = NO;
				ENABLE_STRICT_OBJC_MSGSEND = YES;
				GCC_C_LANGUAGE_STANDARD = gnu11;
				GCC_NO_COMMON_BLOCKS = YES;
				GCC_WARN_64_TO_32_BIT_CONVERSION = YES;
				GCC_WARN_ABOUT_RETURN_TYPE = YES_ERROR;
				GCC_WARN_UNDECLARED_SELECTOR = YES;
				GCC_WARN_UNINITIALIZED_AUTOS = YES_AGGRESSIVE;
				GCC_WARN_UNUSED_FUNCTION = YES;
				GCC_WARN_UNUSED_VARIABLE = YES;
				IPHONEOS_DEPLOYMENT_TARGET = 16.2;
				MTL_ENABLE_DEBUG_INFO = NO;
				MTL_FAST_MATH = YES;
				SDKROOT = iphoneos;
				SWIFT_COMPILATION_MODE = wholemodule;
				SWIFT_OPTIMIZATION_LEVEL = "-O";
				VALIDATE_PRODUCT = YES;
			};
			name = Release;
		};
		CCC903E729B25F120090E4F3 /* Debug */ = {
			isa = XCBuildConfiguration;
			baseConfigurationReference = C0A4A187E5E6A71BACE63C66 /* Pods-MVVM-C_iOS.debug.xcconfig */;
			buildSettings = {
				ASSETCATALOG_COMPILER_APPICON_NAME = AppIcon;
				ASSETCATALOG_COMPILER_GLOBAL_ACCENT_COLOR_NAME = AccentColor;
				CODE_SIGN_STYLE = Automatic;
				CURRENT_PROJECT_VERSION = 1;
				DEVELOPMENT_TEAM = DVC3LMSS9Q;
				GENERATE_INFOPLIST_FILE = YES;
				INFOPLIST_FILE = "MVVM-C_iOS/Info.plist";
				INFOPLIST_KEY_UIApplicationSupportsIndirectInputEvents = YES;
				INFOPLIST_KEY_UILaunchStoryboardName = LaunchScreen;
				INFOPLIST_KEY_UIMainStoryboardFile = Main;
				INFOPLIST_KEY_UISupportedInterfaceOrientations_iPad = "UIInterfaceOrientationPortrait UIInterfaceOrientationPortraitUpsideDown UIInterfaceOrientationLandscapeLeft UIInterfaceOrientationLandscapeRight";
				INFOPLIST_KEY_UISupportedInterfaceOrientations_iPhone = "UIInterfaceOrientationPortrait UIInterfaceOrientationLandscapeLeft UIInterfaceOrientationLandscapeRight";
				LD_RUNPATH_SEARCH_PATHS = (
					"$(inherited)",
					"@executable_path/Frameworks",
				);
				MARKETING_VERSION = 1.0;
				PRODUCT_BUNDLE_IDENTIFIER = "integerAcademy.uz.MVVM-C-iOS";
				PRODUCT_NAME = "$(TARGET_NAME)";
				SWIFT_EMIT_LOC_STRINGS = YES;
				SWIFT_VERSION = 5.0;
				TARGETED_DEVICE_FAMILY = "1,2";
			};
			name = Debug;
		};
		CCC903E829B25F120090E4F3 /* Release */ = {
			isa = XCBuildConfiguration;
			baseConfigurationReference = D5360F59353E16B5833393D4 /* Pods-MVVM-C_iOS.release.xcconfig */;
			buildSettings = {
				ASSETCATALOG_COMPILER_APPICON_NAME = AppIcon;
				ASSETCATALOG_COMPILER_GLOBAL_ACCENT_COLOR_NAME = AccentColor;
				CODE_SIGN_STYLE = Automatic;
				CURRENT_PROJECT_VERSION = 1;
				DEVELOPMENT_TEAM = DVC3LMSS9Q;
				GENERATE_INFOPLIST_FILE = YES;
				INFOPLIST_FILE = "MVVM-C_iOS/Info.plist";
				INFOPLIST_KEY_UIApplicationSupportsIndirectInputEvents = YES;
				INFOPLIST_KEY_UILaunchStoryboardName = LaunchScreen;
				INFOPLIST_KEY_UIMainStoryboardFile = Main;
				INFOPLIST_KEY_UISupportedInterfaceOrientations_iPad = "UIInterfaceOrientationPortrait UIInterfaceOrientationPortraitUpsideDown UIInterfaceOrientationLandscapeLeft UIInterfaceOrientationLandscapeRight";
				INFOPLIST_KEY_UISupportedInterfaceOrientations_iPhone = "UIInterfaceOrientationPortrait UIInterfaceOrientationLandscapeLeft UIInterfaceOrientationLandscapeRight";
				LD_RUNPATH_SEARCH_PATHS = (
					"$(inherited)",
					"@executable_path/Frameworks",
				);
				MARKETING_VERSION = 1.0;
				PRODUCT_BUNDLE_IDENTIFIER = "integerAcademy.uz.MVVM-C-iOS";
				PRODUCT_NAME = "$(TARGET_NAME)";
				SWIFT_EMIT_LOC_STRINGS = YES;
				SWIFT_VERSION = 5.0;
				TARGETED_DEVICE_FAMILY = "1,2";
			};
			name = Release;
		};
/* End XCBuildConfiguration section */

/* Begin XCConfigurationList section */
		CCC903CA29B25F110090E4F3 /* Build configuration list for PBXProject "MVVM-C_iOS" */ = {
			isa = XCConfigurationList;
			buildConfigurations = (
				CCC903E429B25F120090E4F3 /* Debug */,
				CCC903E529B25F120090E4F3 /* Release */,
			);
			defaultConfigurationIsVisible = 0;
			defaultConfigurationName = Release;
		};
		CCC903E629B25F120090E4F3 /* Build configuration list for PBXNativeTarget "MVVM-C_iOS" */ = {
			isa = XCConfigurationList;
			buildConfigurations = (
				CCC903E729B25F120090E4F3 /* Debug */,
				CCC903E829B25F120090E4F3 /* Release */,
			);
			defaultConfigurationIsVisible = 0;
			defaultConfigurationName = Release;
		};
/* End XCConfigurationList section */

/* Begin XCVersionGroup section */
		CCC903DB29B25F110090E4F3 /* MVVM_C_iOS.xcdatamodeld */ = {
			isa = XCVersionGroup;
			children = (
				CCC903DC29B25F110090E4F3 /* MVVM_C_iOS.xcdatamodel */,
			);
			currentVersion = CCC903DC29B25F110090E4F3 /* MVVM_C_iOS.xcdatamodel */;
			path = MVVM_C_iOS.xcdatamodeld;
			sourceTree = "<group>";
			versionGroupType = wrapper.xcdatamodel;
		};
/* End XCVersionGroup section */
	};
	rootObject = CCC903C729B25F110090E4F3 /* Project object */;
}
